// !$*UTF8*$!
{
	archiveVersion = 1;
	classes = {
	};
	objectVersion = 46;
	objects = {

/* Begin PBXBuildFile section */
		4D2BBBBE1D2CE91F00036A87 /* AppDelegate.swift in Sources */ = {isa = PBXBuildFile; fileRef = 4D2BBBBD1D2CE91F00036A87 /* AppDelegate.swift */; };
		4D2BBBC01D2CE91F00036A87 /* ViewController.swift in Sources */ = {isa = PBXBuildFile; fileRef = 4D2BBBBF1D2CE91F00036A87 /* ViewController.swift */; };
		4D2BBBC31D2CE91F00036A87 /* Main.storyboard in Resources */ = {isa = PBXBuildFile; fileRef = 4D2BBBC11D2CE91F00036A87 /* Main.storyboard */; };
		4D2BBBC51D2CE91F00036A87 /* Assets.xcassets in Resources */ = {isa = PBXBuildFile; fileRef = 4D2BBBC41D2CE91F00036A87 /* Assets.xcassets */; };
		4D2BBBC81D2CE91F00036A87 /* LaunchScreen.storyboard in Resources */ = {isa = PBXBuildFile; fileRef = 4D2BBBC61D2CE91F00036A87 /* LaunchScreen.storyboard */; };
		4D2BBBD31D2CE92000036A87 /* ALNetworkingSwiftTests.swift in Sources */ = {isa = PBXBuildFile; fileRef = 4D2BBBD21D2CE92000036A87 /* ALNetworkingSwiftTests.swift */; };
		4D2BBBDE1D2CE92000036A87 /* ALNetworkingSwiftUITests.swift in Sources */ = {isa = PBXBuildFile; fileRef = 4D2BBBDD1D2CE92000036A87 /* ALNetworkingSwiftUITests.swift */; };
/* End PBXBuildFile section */

/* Begin PBXContainerItemProxy section */
		4D2BBBCF1D2CE92000036A87 /* PBXContainerItemProxy */ = {
			isa = PBXContainerItemProxy;
			containerPortal = 4D2BBBB21D2CE91F00036A87 /* Project object */;
			proxyType = 1;
			remoteGlobalIDString = 4D2BBBB91D2CE91F00036A87;
			remoteInfo = ALNetworkingSwift;
		};
		4D2BBBDA1D2CE92000036A87 /* PBXContainerItemProxy */ = {
			isa = PBXContainerItemProxy;
			containerPortal = 4D2BBBB21D2CE91F00036A87 /* Project object */;
			proxyType = 1;
			remoteGlobalIDString = 4D2BBBB91D2CE91F00036A87;
			remoteInfo = ALNetworkingSwift;
		};
/* End PBXContainerItemProxy section */

/* Begin PBXFileReference section */
		4D2BBBBA1D2CE91F00036A87 /* ALNetworkingSwift.app */ = {isa = PBXFileReference; explicitFileType = wrapper.application; includeInIndex = 0; path = ALNetworkingSwift.app; sourceTree = BUILT_PRODUCTS_DIR; };
		4D2BBBBD1D2CE91F00036A87 /* AppDelegate.swift */ = {isa = PBXFileReference; lastKnownFileType = sourcecode.swift; path = AppDelegate.swift; sourceTree = "<group>"; };
		4D2BBBBF1D2CE91F00036A87 /* ViewController.swift */ = {isa = PBXFileReference; lastKnownFileType = sourcecode.swift; path = ViewController.swift; sourceTree = "<group>"; };
		4D2BBBC21D2CE91F00036A87 /* Base */ = {isa = PBXFileReference; lastKnownFileType = file.storyboard; name = Base; path = Base.lproj/Main.storyboard; sourceTree = "<group>"; };
		4D2BBBC41D2CE91F00036A87 /* Assets.xcassets */ = {isa = PBXFileReference; lastKnownFileType = folder.assetcatalog; path = Assets.xcassets; sourceTree = "<group>"; };
		4D2BBBC71D2CE91F00036A87 /* Base */ = {isa = PBXFileReference; lastKnownFileType = file.storyboard; name = Base; path = Base.lproj/LaunchScreen.storyboard; sourceTree = "<group>"; };
		4D2BBBC91D2CE91F00036A87 /* Info.plist */ = {isa = PBXFileReference; lastKnownFileType = text.plist.xml; path = Info.plist; sourceTree = "<group>"; };
		4D2BBBCE1D2CE92000036A87 /* ALNetworkingSwiftTests.xctest */ = {isa = PBXFileReference; explicitFileType = wrapper.cfbundle; includeInIndex = 0; path = ALNetworkingSwiftTests.xctest; sourceTree = BUILT_PRODUCTS_DIR; };
		4D2BBBD21D2CE92000036A87 /* ALNetworkingSwiftTests.swift */ = {isa = PBXFileReference; lastKnownFileType = sourcecode.swift; path = ALNetworkingSwiftTests.swift; sourceTree = "<group>"; };
		4D2BBBD41D2CE92000036A87 /* Info.plist */ = {isa = PBXFileReference; lastKnownFileType = text.plist.xml; path = Info.plist; sourceTree = "<group>"; };
		4D2BBBD91D2CE92000036A87 /* ALNetworkingSwiftUITests.xctest */ = {isa = PBXFileReference; explicitFileType = wrapper.cfbundle; includeInIndex = 0; path = ALNetworkingSwiftUITests.xctest; sourceTree = BUILT_PRODUCTS_DIR; };
		4D2BBBDD1D2CE92000036A87 /* ALNetworkingSwiftUITests.swift */ = {isa = PBXFileReference; lastKnownFileType = sourcecode.swift; path = ALNetworkingSwiftUITests.swift; sourceTree = "<group>"; };
		4D2BBBDF1D2CE92000036A87 /* Info.plist */ = {isa = PBXFileReference; lastKnownFileType = text.plist.xml; path = Info.plist; sourceTree = "<group>"; };
/* End PBXFileReference section */

/* Begin PBXFrameworksBuildPhase section */
		4D2BBBB71D2CE91F00036A87 /* Frameworks */ = {
			isa = PBXFrameworksBuildPhase;
			buildActionMask = 2147483647;
			files = (
			);
			runOnlyForDeploymentPostprocessing = 0;
		};
		4D2BBBCB1D2CE92000036A87 /* Frameworks */ = {
			isa = PBXFrameworksBuildPhase;
			buildActionMask = 2147483647;
			files = (
			);
			runOnlyForDeploymentPostprocessing = 0;
		};
		4D2BBBD61D2CE92000036A87 /* Frameworks */ = {
			isa = PBXFrameworksBuildPhase;
			buildActionMask = 2147483647;
			files = (
			);
			runOnlyForDeploymentPostprocessing = 0;
		};
/* End PBXFrameworksBuildPhase section */

/* Begin PBXGroup section */
		4D2BBBB11D2CE91F00036A87 = {
			isa = PBXGroup;
			children = (
				4D2BBBBC1D2CE91F00036A87 /* ALNetworkingSwift */,
				4D2BBBD11D2CE92000036A87 /* ALNetworkingSwiftTests */,
				4D2BBBDC1D2CE92000036A87 /* ALNetworkingSwiftUITests */,
				4D2BBBBB1D2CE91F00036A87 /* Products */,
			);
			sourceTree = "<group>";
		};
		4D2BBBBB1D2CE91F00036A87 /* Products */ = {
			isa = PBXGroup;
			children = (
				4D2BBBBA1D2CE91F00036A87 /* ALNetworkingSwift.app */,
				4D2BBBCE1D2CE92000036A87 /* ALNetworkingSwiftTests.xctest */,
				4D2BBBD91D2CE92000036A87 /* ALNetworkingSwiftUITests.xctest */,
			);
			name = Products;
			sourceTree = "<group>";
		};
		4D2BBBBC1D2CE91F00036A87 /* ALNetworkingSwift */ = {
			isa = PBXGroup;
			children = (
				4D2BBBBD1D2CE91F00036A87 /* AppDelegate.swift */,
				4D2BBBBF1D2CE91F00036A87 /* ViewController.swift */,
				4D2BBBC11D2CE91F00036A87 /* Main.storyboard */,
				4D2BBBC41D2CE91F00036A87 /* Assets.xcassets */,
				4D2BBBC61D2CE91F00036A87 /* LaunchScreen.storyboard */,
				4D2BBBC91D2CE91F00036A87 /* Info.plist */,
			);
			path = ALNetworkingSwift;
			sourceTree = "<group>";
		};
		4D2BBBD11D2CE92000036A87 /* ALNetworkingSwiftTests */ = {
			isa = PBXGroup;
			children = (
				4D2BBBD21D2CE92000036A87 /* ALNetworkingSwiftTests.swift */,
				4D2BBBD41D2CE92000036A87 /* Info.plist */,
			);
			path = ALNetworkingSwiftTests;
			sourceTree = "<group>";
		};
		4D2BBBDC1D2CE92000036A87 /* ALNetworkingSwiftUITests */ = {
			isa = PBXGroup;
			children = (
				4D2BBBDD1D2CE92000036A87 /* ALNetworkingSwiftUITests.swift */,
				4D2BBBDF1D2CE92000036A87 /* Info.plist */,
			);
			path = ALNetworkingSwiftUITests;
			sourceTree = "<group>";
		};
/* End PBXGroup section */

/* Begin PBXNativeTarget section */
		4D2BBBB91D2CE91F00036A87 /* ALNetworkingSwift */ = {
			isa = PBXNativeTarget;
			buildConfigurationList = 4D2BBBE21D2CE92000036A87 /* Build configuration list for PBXNativeTarget "ALNetworkingSwift" */;
			buildPhases = (
				4D2BBBB61D2CE91F00036A87 /* Sources */,
				4D2BBBB71D2CE91F00036A87 /* Frameworks */,
				4D2BBBB81D2CE91F00036A87 /* Resources */,
			);
			buildRules = (
			);
			dependencies = (
			);
			name = ALNetworkingSwift;
			productName = ALNetworkingSwift;
			productReference = 4D2BBBBA1D2CE91F00036A87 /* ALNetworkingSwift.app */;
			productType = "com.apple.product-type.application";
		};
		4D2BBBCD1D2CE92000036A87 /* ALNetworkingSwiftTests */ = {
			isa = PBXNativeTarget;
			buildConfigurationList = 4D2BBBE51D2CE92000036A87 /* Build configuration list for PBXNativeTarget "ALNetworkingSwiftTests" */;
			buildPhases = (
				4D2BBBCA1D2CE92000036A87 /* Sources */,
				4D2BBBCB1D2CE92000036A87 /* Frameworks */,
				4D2BBBCC1D2CE92000036A87 /* Resources */,
			);
			buildRules = (
			);
			dependencies = (
				4D2BBBD01D2CE92000036A87 /* PBXTargetDependency */,
			);
			name = ALNetworkingSwiftTests;
			productName = ALNetworkingSwiftTests;
			productReference = 4D2BBBCE1D2CE92000036A87 /* ALNetworkingSwiftTests.xctest */;
			productType = "com.apple.product-type.bundle.unit-test";
		};
		4D2BBBD81D2CE92000036A87 /* ALNetworkingSwiftUITests */ = {
			isa = PBXNativeTarget;
			buildConfigurationList = 4D2BBBE81D2CE92000036A87 /* Build configuration list for PBXNativeTarget "ALNetworkingSwiftUITests" */;
			buildPhases = (
				4D2BBBD51D2CE92000036A87 /* Sources */,
				4D2BBBD61D2CE92000036A87 /* Frameworks */,
				4D2BBBD71D2CE92000036A87 /* Resources */,
			);
			buildRules = (
			);
			dependencies = (
				4D2BBBDB1D2CE92000036A87 /* PBXTargetDependency */,
			);
			name = ALNetworkingSwiftUITests;
			productName = ALNetworkingSwiftUITests;
			productReference = 4D2BBBD91D2CE92000036A87 /* ALNetworkingSwiftUITests.xctest */;
			productType = "com.apple.product-type.bundle.ui-testing";
		};
/* End PBXNativeTarget section */

/* Begin PBXProject section */
		4D2BBBB21D2CE91F00036A87 /* Project object */ = {
			isa = PBXProject;
			attributes = {
				LastSwiftUpdateCheck = 0720;
				LastUpgradeCheck = 0720;
				ORGANIZATIONNAME = Embitel;
				TargetAttributes = {
					4D2BBBB91D2CE91F00036A87 = {
						CreatedOnToolsVersion = 7.2;
					};
					4D2BBBCD1D2CE92000036A87 = {
						CreatedOnToolsVersion = 7.2;
						TestTargetID = 4D2BBBB91D2CE91F00036A87;
					};
					4D2BBBD81D2CE92000036A87 = {
						CreatedOnToolsVersion = 7.2;
						TestTargetID = 4D2BBBB91D2CE91F00036A87;
					};
				};
			};
			buildConfigurationList = 4D2BBBB51D2CE91F00036A87 /* Build configuration list for PBXProject "ALNetworkingSwift" */;
			compatibilityVersion = "Xcode 3.2";
			developmentRegion = English;
			hasScannedForEncodings = 0;
			knownRegions = (
				en,
				Base,
			);
			mainGroup = 4D2BBBB11D2CE91F00036A87;
			productRefGroup = 4D2BBBBB1D2CE91F00036A87 /* Products */;
			projectDirPath = "";
			projectRoot = "";
			targets = (
				4D2BBBB91D2CE91F00036A87 /* ALNetworkingSwift */,
				4D2BBBCD1D2CE92000036A87 /* ALNetworkingSwiftTests */,
				4D2BBBD81D2CE92000036A87 /* ALNetworkingSwiftUITests */,
			);
		};
/* End PBXProject section */

/* Begin PBXResourcesBuildPhase section */
		4D2BBBB81D2CE91F00036A87 /* Resources */ = {
			isa = PBXResourcesBuildPhase;
			buildActionMask = 2147483647;
			files = (
				4D2BBBC81D2CE91F00036A87 /* LaunchScreen.storyboard in Resources */,
				4D2BBBC51D2CE91F00036A87 /* Assets.xcassets in Resources */,
				4D2BBBC31D2CE91F00036A87 /* Main.storyboard in Resources */,
			);
			runOnlyForDeploymentPostprocessing = 0;
		};
		4D2BBBCC1D2CE92000036A87 /* Resources */ = {
			isa = PBXResourcesBuildPhase;
			buildActionMask = 2147483647;
			files = (
			);
			runOnlyForDeploymentPostprocessing = 0;
		};
		4D2BBBD71D2CE92000036A87 /* Resources */ = {
			isa = PBXResourcesBuildPhase;
			buildActionMask = 2147483647;
			files = (
			);
			runOnlyForDeploymentPostprocessing = 0;
		};
/* End PBXResourcesBuildPhase section */

/* Begin PBXSourcesBuildPhase section */
		4D2BBBB61D2CE91F00036A87 /* Sources */ = {
			isa = PBXSourcesBuildPhase;
			buildActionMask = 2147483647;
			files = (
				4D2BBBC01D2CE91F00036A87 /* ViewController.swift in Sources */,
				4D2BBBBE1D2CE91F00036A87 /* AppDelegate.swift in Sources */,
			);
			runOnlyForDeploymentPostprocessing = 0;
		};
		4D2BBBCA1D2CE92000036A87 /* Sources */ = {
			isa = PBXSourcesBuildPhase;
			buildActionMask = 2147483647;
			files = (
				4D2BBBD31D2CE92000036A87 /* ALNetworkingSwiftTests.swift in Sources */,
			);
			runOnlyForDeploymentPostprocessing = 0;
		};
		4D2BBBD51D2CE92000036A87 /* Sources */ = {
			isa = PBXSourcesBuildPhase;
			buildActionMask = 2147483647;
			files = (
				4D2BBBDE1D2CE92000036A87 /* ALNetworkingSwiftUITests.swift in Sources */,
			);
			runOnlyForDeploymentPostprocessing = 0;
		};
/* End PBXSourcesBuildPhase section */

/* Begin PBXTargetDependency section */
		4D2BBBD01D2CE92000036A87 /* PBXTargetDependency */ = {
			isa = PBXTargetDependency;
			target = 4D2BBBB91D2CE91F00036A87 /* ALNetworkingSwift */;
			targetProxy = 4D2BBBCF1D2CE92000036A87 /* PBXContainerItemProxy */;
		};
		4D2BBBDB1D2CE92000036A87 /* PBXTargetDependency */ = {
			isa = PBXTargetDependency;
			target = 4D2BBBB91D2CE91F00036A87 /* ALNetworkingSwift */;
			targetProxy = 4D2BBBDA1D2CE92000036A87 /* PBXContainerItemProxy */;
		};
/* End PBXTargetDependency section */

/* Begin PBXVariantGroup section */
		4D2BBBC11D2CE91F00036A87 /* Main.storyboard */ = {
			isa = PBXVariantGroup;
			children = (
				4D2BBBC21D2CE91F00036A87 /* Base */,
			);
			name = Main.storyboard;
			sourceTree = "<group>";
		};
		4D2BBBC61D2CE91F00036A87 /* LaunchScreen.storyboard */ = {
			isa = PBXVariantGroup;
			children = (
				4D2BBBC71D2CE91F00036A87 /* Base */,
			);
			name = LaunchScreen.storyboard;
			sourceTree = "<group>";
		};
/* End PBXVariantGroup section */

/* Begin XCBuildConfiguration section */
		4D2BBBE01D2CE92000036A87 /* Debug */ = {
			isa = XCBuildConfiguration;
			buildSettings = {
				ALWAYS_SEARCH_USER_PATHS = NO;
				CLANG_CXX_LANGUAGE_STANDARD = "gnu++0x";
				CLANG_CXX_LIBRARY = "libc++";
				CLANG_ENABLE_MODULES = YES;
				CLANG_ENABLE_OBJC_ARC = YES;
				CLANG_WARN_BOOL_CONVERSION = YES;
				CLANG_WARN_CONSTANT_CONVERSION = YES;
				CLANG_WARN_DIRECT_OBJC_ISA_USAGE = YES_ERROR;
				CLANG_WARN_EMPTY_BODY = YES;
				CLANG_WARN_ENUM_CONVERSION = YES;
				CLANG_WARN_INT_CONVERSION = YES;
				CLANG_WARN_OBJC_ROOT_CLASS = YES_ERROR;
				CLANG_WARN_UNREACHABLE_CODE = YES;
				CLANG_WARN__DUPLICATE_METHOD_MATCH = YES;
				"CODE_SIGN_IDENTITY[sdk=iphoneos*]" = "iPhone Developer";
				COPY_PHASE_STRIP = NO;
				DEBUG_INFORMATION_FORMAT = dwarf;
				ENABLE_STRICT_OBJC_MSGSEND = YES;
				ENABLE_TESTABILITY = YES;
				GCC_C_LANGUAGE_STANDARD = gnu99;
				GCC_DYNAMIC_NO_PIC = NO;
				GCC_NO_COMMON_BLOCKS = YES;
				GCC_OPTIMIZATION_LEVEL = 0;
				GCC_PREPROCESSOR_DEFINITIONS = (
					"DEBUG=1",
					"$(inherited)",
				);
				GCC_WARN_64_TO_32_BIT_CONVERSION = YES;
				GCC_WARN_ABOUT_RETURN_TYPE = YES_ERROR;
				GCC_WARN_UNDECLARED_SELECTOR = YES;
				GCC_WARN_UNINITIALIZED_AUTOS = YES_AGGRESSIVE;
				GCC_WARN_UNUSED_FUNCTION = YES;
				GCC_WARN_UNUSED_VARIABLE = YES;
				IPHONEOS_DEPLOYMENT_TARGET = 9.2;
				MTL_ENABLE_DEBUG_INFO = YES;
				ONLY_ACTIVE_ARCH = YES;
				SDKROOT = iphoneos;
				SWIFT_OPTIMIZATION_LEVEL = "-Onone";
				TARGETED_DEVICE_FAMILY = "1,2";
			};
			name = Debug;
		};
		4D2BBBE11D2CE92000036A87 /* Release */ = {
			isa = XCBuildConfiguration;
			buildSettings = {
				ALWAYS_SEARCH_USER_PATHS = NO;
				CLANG_CXX_LANGUAGE_STANDARD = "gnu++0x";
				CLANG_CXX_LIBRARY = "libc++";
				CLANG_ENABLE_MODULES = YES;
				CLANG_ENABLE_OBJC_ARC = YES;
				CLANG_WARN_BOOL_CONVERSION = YES;
				CLANG_WARN_CONSTANT_CONVERSION = YES;
				CLANG_WARN_DIRECT_OBJC_ISA_USAGE = YES_ERROR;
				CLANG_WARN_EMPTY_BODY = YES;
				CLANG_WARN_ENUM_CONVERSION = YES;
				CLANG_WARN_INT_CONVERSION = YES;
				CLANG_WARN_OBJC_ROOT_CLASS = YES_ERROR;
				CLANG_WARN_UNREACHABLE_CODE = YES;
				CLANG_WARN__DUPLICATE_METHOD_MATCH = YES;
				"CODE_SIGN_IDENTITY[sdk=iphoneos*]" = "iPhone Developer";
				COPY_PHASE_STRIP = NO;
				DEBUG_INFORMATION_FORMAT = "dwarf-with-dsym";
				ENABLE_NS_ASSERTIONS = NO;
				ENABLE_STRICT_OBJC_MSGSEND = YES;
				GCC_C_LANGUAGE_STANDARD = gnu99;
				GCC_NO_COMMON_BLOCKS = YES;
				GCC_WARN_64_TO_32_BIT_CONVERSION = YES;
				GCC_WARN_ABOUT_RETURN_TYPE = YES_ERROR;
				GCC_WARN_UNDECLARED_SELECTOR = YES;
				GCC_WARN_UNINITIALIZED_AUTOS = YES_AGGRESSIVE;
				GCC_WARN_UNUSED_FUNCTION = YES;
				GCC_WARN_UNUSED_VARIABLE = YES;
				IPHONEOS_DEPLOYMENT_TARGET = 9.2;
				MTL_ENABLE_DEBUG_INFO = NO;
				SDKROOT = iphoneos;
				TARGETED_DEVICE_FAMILY = "1,2";
				VALIDATE_PRODUCT = YES;
			};
			name = Release;
		};
		4D2BBBE31D2CE92000036A87 /* Debug */ = {
			isa = XCBuildConfiguration;
			buildSettings = {
				ASSETCATALOG_COMPILER_APPICON_NAME = AppIcon;
				INFOPLIST_FILE = ALNetworkingSwift/Info.plist;
				LD_RUNPATH_SEARCH_PATHS = "$(inherited) @executable_path/Frameworks";
				PRODUCT_BUNDLE_IDENTIFIER = com.embitel.ALNetworkingSwift;
				PRODUCT_NAME = "$(TARGET_NAME)";
			};
			name = Debug;
		};
		4D2BBBE41D2CE92000036A87 /* Release */ = {
			isa = XCBuildConfiguration;
			buildSettings = {
				ASSETCATALOG_COMPILER_APPICON_NAME = AppIcon;
				INFOPLIST_FILE = ALNetworkingSwift/Info.plist;
				LD_RUNPATH_SEARCH_PATHS = "$(inherited) @executable_path/Frameworks";
				PRODUCT_BUNDLE_IDENTIFIER = com.embitel.ALNetworkingSwift;
				PRODUCT_NAME = "$(TARGET_NAME)";
			};
			name = Release;
		};
		4D2BBBE61D2CE92000036A87 /* Debug */ = {
			isa = XCBuildConfiguration;
			buildSettings = {
				BUNDLE_LOADER = "$(TEST_HOST)";
				INFOPLIST_FILE = ALNetworkingSwiftTests/Info.plist;
				LD_RUNPATH_SEARCH_PATHS = "$(inherited) @executable_path/Frameworks @loader_path/Frameworks";
				PRODUCT_BUNDLE_IDENTIFIER = com.embitel.ALNetworkingSwiftTests;
				PRODUCT_NAME = "$(TARGET_NAME)";
				TEST_HOST = "$(BUILT_PRODUCTS_DIR)/ALNetworkingSwift.app/ALNetworkingSwift";
			};
			name = Debug;
		};
		4D2BBBE71D2CE92000036A87 /* Release */ = {
			isa = XCBuildConfiguration;
			buildSettings = {
				BUNDLE_LOADER = "$(TEST_HOST)";
				INFOPLIST_FILE = ALNetworkingSwiftTests/Info.plist;
				LD_RUNPATH_SEARCH_PATHS = "$(inherited) @executable_path/Frameworks @loader_path/Frameworks";
				PRODUCT_BUNDLE_IDENTIFIER = com.embitel.ALNetworkingSwiftTests;
				PRODUCT_NAME = "$(TARGET_NAME)";
				TEST_HOST = "$(BUILT_PRODUCTS_DIR)/ALNetworkingSwift.app/ALNetworkingSwift";
			};
			name = Release;
		};
		4D2BBBE91D2CE92000036A87 /* Debug */ = {
			isa = XCBuildConfiguration;
			buildSettings = {
				INFOPLIST_FILE = ALNetworkingSwiftUITests/Info.plist;
				LD_RUNPATH_SEARCH_PATHS = "$(inherited) @executable_path/Frameworks @loader_path/Frameworks";
				PRODUCT_BUNDLE_IDENTIFIER = com.embitel.ALNetworkingSwiftUITests;
				PRODUCT_NAME = "$(TARGET_NAME)";
				TEST_TARGET_NAME = ALNetworkingSwift;
				USES_XCTRUNNER = YES;
			};
			name = Debug;
		};
		4D2BBBEA1D2CE92000036A87 /* Release */ = {
			isa = XCBuildConfiguration;
			buildSettings = {
				INFOPLIST_FILE = ALNetworkingSwiftUITests/Info.plist;
				LD_RUNPATH_SEARCH_PATHS = "$(inherited) @executable_path/Frameworks @loader_path/Frameworks";
				PRODUCT_BUNDLE_IDENTIFIER = com.embitel.ALNetworkingSwiftUITests;
				PRODUCT_NAME = "$(TARGET_NAME)";
				TEST_TARGET_NAME = ALNetworkingSwift;
				USES_XCTRUNNER = YES;
			};
			name = Release;
		};
/* End XCBuildConfiguration section */

/* Begin XCConfigurationList section */
		4D2BBBB51D2CE91F00036A87 /* Build configuration list for PBXProject "ALNetworkingSwift" */ = {
			isa = XCConfigurationList;
			buildConfigurations = (
				4D2BBBE01D2CE92000036A87 /* Debug */,
				4D2BBBE11D2CE92000036A87 /* Release */,
			);
			defaultConfigurationIsVisible = 0;
			defaultConfigurationName = Release;
		};
		4D2BBBE21D2CE92000036A87 /* Build configuration list for PBXNativeTarget "ALNetworkingSwift" */ = {
			isa = XCConfigurationList;
			buildConfigurations = (
				4D2BBBE31D2CE92000036A87 /* Debug */,
				4D2BBBE41D2CE92000036A87 /* Release */,
			);
			defaultConfigurationIsVisible = 0;
		};
		4D2BBBE51D2CE92000036A87 /* Build configuration list for PBXNativeTarget "ALNetworkingSwiftTests" */ = {
			isa = XCConfigurationList;
			buildConfigurations = (
				4D2BBBE61D2CE92000036A87 /* Debug */,
				4D2BBBE71D2CE92000036A87 /* Release */,
			);
			defaultConfigurationIsVisible = 0;
		};
		4D2BBBE81D2CE92000036A87 /* Build configuration list for PBXNativeTarget "ALNetworkingSwiftUITests" */ = {
			isa = XCConfigurationList;
			buildConfigurations = (
				4D2BBBE91D2CE92000036A87 /* Debug */,
				4D2BBBEA1D2CE92000036A87 /* Release */,
			);
			defaultConfigurationIsVisible = 0;
		};
/* End XCConfigurationList section */
	};
	rootObject = 4D2BBBB21D2CE91F00036A87 /* Project object */;
}
